
Microsoft Visual Studio Solution File, Format Version 12.00
# Visual Studio 14
VisualStudioVersion = 14.0.25420.1
MinimumVisualStudioVersion = 10.0.40219.1
Project("{D954291E-2A0B-460D-934E-DC6B0785DB48}") = "TestApp", "TestApp\TestApp\TestApp.shproj", "{80CCD437-95CF-4552-9720-9D4CACE3EAC6}"
EndProject
Project("{FAE04EC0-301F-11D3-BF4B-00C04F79EFBC}") = "TestApp.Droid", "TestApp\TestApp.Droid\TestApp.Droid.csproj", "{DE326DDD-28EE-4F30-A4FB-5FA40AF9C4B9}"
EndProject
Project("{FAE04EC0-301F-11D3-BF4B-00C04F79EFBC}") = "TestApp.iOS", "TestApp\TestApp.iOS\TestApp.iOS.csproj", "{E9FC3324-70FD-44DA-8DDB-D01B3A45656C}"
EndProject
Project("{FAE04EC0-301F-11D3-BF4B-00C04F79EFBC}") = "TestApp.UWP", "TestApp\TestApp.UWP\TestApp.UWP.csproj", "{76FC2486-C721-4A58-8FD8-FFB7B3F3E032}"
EndProject
Global
	GlobalSection(SharedMSBuildProjectFiles) = preSolution
		TestApp\TestApp\TestApp.projitems*{80ccd437-95cf-4552-9720-9d4cace3eac6}*SharedItemsImports = 13
		TestApp\TestApp\TestApp.projitems*{de326ddd-28ee-4f30-a4fb-5fa40af9c4b9}*SharedItemsImports = 4
		TestApp\TestApp\TestApp.projitems*{e9fc3324-70fd-44da-8ddb-d01b3a45656c}*SharedItemsImports = 4
	EndGlobalSection
	GlobalSection(SolutionConfigurationPlatforms) = preSolution
		Ad-Hoc|Any CPU = Ad-Hoc|Any CPU
		Ad-Hoc|ARM = Ad-Hoc|ARM
		Ad-Hoc|iPhone = Ad-Hoc|iPhone
		Ad-Hoc|iPhoneSimulator = Ad-Hoc|iPhoneSimulator
		Ad-Hoc|x64 = Ad-Hoc|x64
		Ad-Hoc|x86 = Ad-Hoc|x86
		AppStore|Any CPU = AppStore|Any CPU
		AppStore|ARM = AppStore|ARM
		AppStore|iPhone = AppStore|iPhone
		AppStore|iPhoneSimulator = AppStore|iPhoneSimulator
		AppStore|x64 = AppStore|x64
		AppStore|x86 = AppStore|x86
		Debug|Any CPU = Debug|Any CPU
		Debug|ARM = Debug|ARM
		Debug|iPhone = Debug|iPhone
		Debug|iPhoneSimulator = Debug|iPhoneSimulator
		Debug|x64 = Debug|x64
		Debug|x86 = Debug|x86
		Release|Any CPU = Release|Any CPU
		Release|ARM = Release|ARM
		Release|iPhone = Release|iPhone
		Release|iPhoneSimulator = Release|iPhoneSimulator
		Release|x64 = Release|x64
		Release|x86 = Release|x86
	EndGlobalSection
	GlobalSection(ProjectConfigurationPlatforms) = postSolution
		{DE326DDD-28EE-4F30-A4FB-5FA40AF9C4B9}.Ad-Hoc|Any CPU.ActiveCfg = Release|Any CPU
		{DE326DDD-28EE-4F30-A4FB-5FA40AF9C4B9}.Ad-Hoc|Any CPU.Build.0 = Release|Any CPU
		{DE326DDD-28EE-4F30-A4FB-5FA40AF9C4B9}.Ad-Hoc|Any CPU.Deploy.0 = Release|Any CPU
		{DE326DDD-28EE-4F30-A4FB-5FA40AF9C4B9}.Ad-Hoc|ARM.ActiveCfg = Release|Any CPU
		{DE326DDD-28EE-4F30-A4FB-5FA40AF9C4B9}.Ad-Hoc|ARM.Build.0 = Release|Any CPU
		{DE326DDD-28EE-4F30-A4FB-5FA40AF9C4B9}.Ad-Hoc|ARM.Deploy.0 = Release|Any CPU
		{DE326DDD-28EE-4F30-A4FB-5FA40AF9C4B9}.Ad-Hoc|iPhone.ActiveCfg = Release|Any CPU
		{DE326DDD-28EE-4F30-A4FB-5FA40AF9C4B9}.Ad-Hoc|iPhone.Build.0 = Release|Any CPU
		{DE326DDD-28EE-4F30-A4FB-5FA40AF9C4B9}.Ad-Hoc|iPhone.Deploy.0 = Release|Any CPU
		{DE326DDD-28EE-4F30-A4FB-5FA40AF9C4B9}.Ad-Hoc|iPhoneSimulator.ActiveCfg = Release|Any CPU
		{DE326DDD-28EE-4F30-A4FB-5FA40AF9C4B9}.Ad-Hoc|iPhoneSimulator.Build.0 = Release|Any CPU
		{DE326DDD-28EE-4F30-A4FB-5FA40AF9C4B9}.Ad-Hoc|iPhoneSimulator.Deploy.0 = Release|Any CPU
		{DE326DDD-28EE-4F30-A4FB-5FA40AF9C4B9}.Ad-Hoc|x64.ActiveCfg = Release|Any CPU
		{DE326DDD-28EE-4F30-A4FB-5FA40AF9C4B9}.Ad-Hoc|x64.Build.0 = Release|Any CPU
		{DE326DDD-28EE-4F30-A4FB-5FA40AF9C4B9}.Ad-Hoc|x64.Deploy.0 = Release|Any CPU
		{DE326DDD-28EE-4F30-A4FB-5FA40AF9C4B9}.Ad-Hoc|x86.ActiveCfg = Release|Any CPU
		{DE326DDD-28EE-4F30-A4FB-5FA40AF9C4B9}.Ad-Hoc|x86.Build.0 = Release|Any CPU
		{DE326DDD-28EE-4F30-A4FB-5FA40AF9C4B9}.Ad-Hoc|x86.Deploy.0 = Release|Any CPU
		{DE326DDD-28EE-4F30-A4FB-5FA40AF9C4B9}.AppStore|Any CPU.ActiveCfg = Release|Any CPU
		{DE326DDD-28EE-4F30-A4FB-5FA40AF9C4B9}.AppStore|Any CPU.Build.0 = Release|Any CPU
		{DE326DDD-28EE-4F30-A4FB-5FA40AF9C4B9}.AppStore|Any CPU.Deploy.0 = Release|Any CPU
		{DE326DDD-28EE-4F30-A4FB-5FA40AF9C4B9}.AppStore|ARM.ActiveCfg = Release|Any CPU
		{DE326DDD-28EE-4F30-A4FB-5FA40AF9C4B9}.AppStore|ARM.Build.0 = Release|Any CPU
		{DE326DDD-28EE-4F30-A4FB-5FA40AF9C4B9}.AppStore|ARM.Deploy.0 = Release|Any CPU
		{DE326DDD-28EE-4F30-A4FB-5FA40AF9C4B9}.AppStore|iPhone.ActiveCfg = Release|Any CPU
		{DE326DDD-28EE-4F30-A4FB-5FA40AF9C4B9}.AppStore|iPhone.Build.0 = Release|Any CPU
		{DE326DDD-28EE-4F30-A4FB-5FA40AF9C4B9}.AppStore|iPhone.Deploy.0 = Release|Any CPU
		{DE326DDD-28EE-4F30-A4FB-5FA40AF9C4B9}.AppStore|iPhoneSimulator.ActiveCfg = Release|Any CPU
		{DE326DDD-28EE-4F30-A4FB-5FA40AF9C4B9}.AppStore|iPhoneSimulator.Build.0 = Release|Any CPU
		{DE326DDD-28EE-4F30-A4FB-5FA40AF9C4B9}.AppStore|iPhoneSimulator.Deploy.0 = Release|Any CPU
		{DE326DDD-28EE-4F30-A4FB-5FA40AF9C4B9}.AppStore|x64.ActiveCfg = Release|Any CPU
		{DE326DDD-28EE-4F30-A4FB-5FA40AF9C4B9}.AppStore|x64.Build.0 = Release|Any CPU
		{DE326DDD-28EE-4F30-A4FB-5FA40AF9C4B9}.AppStore|x64.Deploy.0 = Release|Any CPU
		{DE326DDD-28EE-4F30-A4FB-5FA40AF9C4B9}.AppStore|x86.ActiveCfg = Release|Any CPU
		{DE326DDD-28EE-4F30-A4FB-5FA40AF9C4B9}.AppStore|x86.Build.0 = Release|Any CPU
		{DE326DDD-28EE-4F30-A4FB-5FA40AF9C4B9}.AppStore|x86.Deploy.0 = Release|Any CPU
		{DE326DDD-28EE-4F30-A4FB-5FA40AF9C4B9}.Debug|Any CPU.ActiveCfg = Debug|Any CPU
		{DE326DDD-28EE-4F30-A4FB-5FA40AF9C4B9}.Debug|Any CPU.Build.0 = Debug|Any CPU
		{DE326DDD-28EE-4F30-A4FB-5FA40AF9C4B9}.Debug|Any CPU.Deploy.0 = Debug|Any CPU
		{DE326DDD-28EE-4F30-A4FB-5FA40AF9C4B9}.Debug|ARM.ActiveCfg = Debug|Any CPU
		{DE326DDD-28EE-4F30-A4FB-5FA40AF9C4B9}.Debug|ARM.Build.0 = Debug|Any CPU
		{DE326DDD-28EE-4F30-A4FB-5FA40AF9C4B9}.Debug|ARM.Deploy.0 = Debug|Any CPU
		{DE326DDD-28EE-4F30-A4FB-5FA40AF9C4B9}.Debug|iPhone.ActiveCfg = Debug|Any CPU
		{DE326DDD-28EE-4F30-A4FB-5FA40AF9C4B9}.Debug|iPhone.Build.0 = Debug|Any CPU
		{DE326DDD-28EE-4F30-A4FB-5FA40AF9C4B9}.Debug|iPhone.Deploy.0 = Debug|Any CPU
		{DE326DDD-28EE-4F30-A4FB-5FA40AF9C4B9}.Debug|iPhoneSimulator.ActiveCfg = Debug|Any CPU
		{DE326DDD-28EE-4F30-A4FB-5FA40AF9C4B9}.Debug|iPhoneSimulator.Build.0 = Debug|Any CPU
		{DE326DDD-28EE-4F30-A4FB-5FA40AF9C4B9}.Debug|iPhoneSimulator.Deploy.0 = Debug|Any CPU
		{DE326DDD-28EE-4F30-A4FB-5FA40AF9C4B9}.Debug|x64.ActiveCfg = Debug|Any CPU
		{DE326DDD-28EE-4F30-A4FB-5FA40AF9C4B9}.Debug|x64.Build.0 = Debug|Any CPU
		{DE326DDD-28EE-4F30-A4FB-5FA40AF9C4B9}.Debug|x64.Deploy.0 = Debug|Any CPU
		{DE326DDD-28EE-4F30-A4FB-5FA40AF9C4B9}.Debug|x86.ActiveCfg = Debug|Any CPU
		{DE326DDD-28EE-4F30-A4FB-5FA40AF9C4B9}.Debug|x86.Build.0 = Debug|Any CPU
		{DE326DDD-28EE-4F30-A4FB-5FA40AF9C4B9}.Debug|x86.Deploy.0 = Debug|Any CPU
		{DE326DDD-28EE-4F30-A4FB-5FA40AF9C4B9}.Release|Any CPU.ActiveCfg = Release|Any CPU
		{DE326DDD-28EE-4F30-A4FB-5FA40AF9C4B9}.Release|Any CPU.Build.0 = Release|Any CPU
		{DE326DDD-28EE-4F30-A4FB-5FA40AF9C4B9}.Release|Any CPU.Deploy.0 = Release|Any CPU
		{DE326DDD-28EE-4F30-A4FB-5FA40AF9C4B9}.Release|ARM.ActiveCfg = Release|Any CPU
		{DE326DDD-28EE-4F30-A4FB-5FA40AF9C4B9}.Release|ARM.Build.0 = Release|Any CPU
		{DE326DDD-28EE-4F30-A4FB-5FA40AF9C4B9}.Release|ARM.Deploy.0 = Release|Any CPU
		{DE326DDD-28EE-4F30-A4FB-5FA40AF9C4B9}.Release|iPhone.ActiveCfg = Release|Any CPU
		{DE326DDD-28EE-4F30-A4FB-5FA40AF9C4B9}.Release|iPhone.Build.0 = Release|Any CPU
		{DE326DDD-28EE-4F30-A4FB-5FA40AF9C4B9}.Release|iPhone.Deploy.0 = Release|Any CPU
		{DE326DDD-28EE-4F30-A4FB-5FA40AF9C4B9}.Release|iPhoneSimulator.ActiveCfg = Release|Any CPU
		{DE326DDD-28EE-4F30-A4FB-5FA40AF9C4B9}.Release|iPhoneSimulator.Build.0 = Release|Any CPU
		{DE326DDD-28EE-4F30-A4FB-5FA40AF9C4B9}.Release|iPhoneSimulator.Deploy.0 = Release|Any CPU
		{DE326DDD-28EE-4F30-A4FB-5FA40AF9C4B9}.Release|x64.ActiveCfg = Release|Any CPU
		{DE326DDD-28EE-4F30-A4FB-5FA40AF9C4B9}.Release|x64.Build.0 = Release|Any CPU
		{DE326DDD-28EE-4F30-A4FB-5FA40AF9C4B9}.Release|x64.Deploy.0 = Release|Any CPU
		{DE326DDD-28EE-4F30-A4FB-5FA40AF9C4B9}.Release|x86.ActiveCfg = Release|Any CPU
		{DE326DDD-28EE-4F30-A4FB-5FA40AF9C4B9}.Release|x86.Build.0 = Release|Any CPU
		{DE326DDD-28EE-4F30-A4FB-5FA40AF9C4B9}.Release|x86.Deploy.0 = Release|Any CPU
		{E9FC3324-70FD-44DA-8DDB-D01B3A45656C}.Ad-Hoc|Any CPU.ActiveCfg = Ad-Hoc|iPhone
		{E9FC3324-70FD-44DA-8DDB-D01B3A45656C}.Ad-Hoc|ARM.ActiveCfg = Ad-Hoc|iPhone
		{E9FC3324-70FD-44DA-8DDB-D01B3A45656C}.Ad-Hoc|iPhone.ActiveCfg = Ad-Hoc|iPhone
		{E9FC3324-70FD-44DA-8DDB-D01B3A45656C}.Ad-Hoc|iPhone.Build.0 = Ad-Hoc|iPhone
		{E9FC3324-70FD-44DA-8DDB-D01B3A45656C}.Ad-Hoc|iPhoneSimulator.ActiveCfg = Ad-Hoc|iPhoneSimulator
		{E9FC3324-70FD-44DA-8DDB-D01B3A45656C}.Ad-Hoc|iPhoneSimulator.Build.0 = Ad-Hoc|iPhoneSimulator
		{E9FC3324-70FD-44DA-8DDB-D01B3A45656C}.Ad-Hoc|x64.ActiveCfg = Ad-Hoc|iPhone
		{E9FC3324-70FD-44DA-8DDB-D01B3A45656C}.Ad-Hoc|x86.ActiveCfg = Ad-Hoc|iPhone
		{E9FC3324-70FD-44DA-8DDB-D01B3A45656C}.AppStore|Any CPU.ActiveCfg = AppStore|iPhone
		{E9FC3324-70FD-44DA-8DDB-D01B3A45656C}.AppStore|ARM.ActiveCfg = AppStore|iPhone
		{E9FC3324-70FD-44DA-8DDB-D01B3A45656C}.AppStore|iPhone.ActiveCfg = AppStore|iPhone
		{E9FC3324-70FD-44DA-8DDB-D01B3A45656C}.AppStore|iPhone.Build.0 = AppStore|iPhone
		{E9FC3324-70FD-44DA-8DDB-D01B3A45656C}.AppStore|iPhoneSimulator.ActiveCfg = AppStore|iPhoneSimulator
		{E9FC3324-70FD-44DA-8DDB-D01B3A45656C}.AppStore|iPhoneSimulator.Build.0 = AppStore|iPhoneSimulator
		{E9FC3324-70FD-44DA-8DDB-D01B3A45656C}.AppStore|x64.ActiveCfg = AppStore|iPhone
		{E9FC3324-70FD-44DA-8DDB-D01B3A45656C}.AppStore|x86.ActiveCfg = AppStore|iPhone
		{E9FC3324-70FD-44DA-8DDB-D01B3A45656C}.Debug|Any CPU.ActiveCfg = Debug|iPhone
		{E9FC3324-70FD-44DA-8DDB-D01B3A45656C}.Debug|ARM.ActiveCfg = Debug|iPhone
		{E9FC3324-70FD-44DA-8DDB-D01B3A45656C}.Debug|iPhone.ActiveCfg = Debug|iPhone
		{E9FC3324-70FD-44DA-8DDB-D01B3A45656C}.Debug|iPhone.Build.0 = Debug|iPhone
		{E9FC3324-70FD-44DA-8DDB-D01B3A45656C}.Debug|iPhoneSimulator.ActiveCfg = Debug|iPhoneSimulator
		{E9FC3324-70FD-44DA-8DDB-D01B3A45656C}.Debug|iPhoneSimulator.Build.0 = Debug|iPhoneSimulator
		{E9FC3324-70FD-44DA-8DDB-D01B3A45656C}.Debug|x64.ActiveCfg = Debug|iPhone
		{E9FC3324-70FD-44DA-8DDB-D01B3A45656C}.Debug|x86.ActiveCfg = Debug|iPhone
		{E9FC3324-70FD-44DA-8DDB-D01B3A45656C}.Release|Any CPU.ActiveCfg = Release|iPhone
		{E9FC3324-70FD-44DA-8DDB-D01B3A45656C}.Release|ARM.ActiveCfg = Release|iPhone
		{E9FC3324-70FD-44DA-8DDB-D01B3A45656C}.Release|iPhone.ActiveCfg = Release|iPhone
		{E9FC3324-70FD-44DA-8DDB-D01B3A45656C}.Release|iPhone.Build.0 = Release|iPhone
		{E9FC3324-70FD-44DA-8DDB-D01B3A45656C}.Release|iPhoneSimulator.ActiveCfg = Release|iPhoneSimulator
		{E9FC3324-70FD-44DA-8DDB-D01B3A45656C}.Release|iPhoneSimulator.Build.0 = Release|iPhoneSimulator
		{E9FC3324-70FD-44DA-8DDB-D01B3A45656C}.Release|x64.ActiveCfg = Release|iPhone
		{E9FC3324-70FD-44DA-8DDB-D01B3A45656C}.Release|x86.ActiveCfg = Release|iPhone
		{76FC2486-C721-4A58-8FD8-FFB7B3F3E032}.Ad-Hoc|Any CPU.ActiveCfg = Release|x86
		{76FC2486-C721-4A58-8FD8-FFB7B3F3E032}.Ad-Hoc|Any CPU.Build.0 = Release|x86
		{76FC2486-C721-4A58-8FD8-FFB7B3F3E032}.Ad-Hoc|Any CPU.Deploy.0 = Release|x86
		{76FC2486-C721-4A58-8FD8-FFB7B3F3E032}.Ad-Hoc|ARM.ActiveCfg = Release|ARM
		{76FC2486-C721-4A58-8FD8-FFB7B3F3E032}.Ad-Hoc|ARM.Build.0 = Release|ARM
		{76FC2486-C721-4A58-8FD8-FFB7B3F3E032}.Ad-Hoc|ARM.Deploy.0 = Release|ARM
		{76FC2486-C721-4A58-8FD8-FFB7B3F3E032}.Ad-Hoc|iPhone.ActiveCfg = Release|x86
		{76FC2486-C721-4A58-8FD8-FFB7B3F3E032}.Ad-Hoc|iPhone.Build.0 = Release|x86
		{76FC2486-C721-4A58-8FD8-FFB7B3F3E032}.Ad-Hoc|iPhone.Deploy.0 = Release|x86
		{76FC2486-C721-4A58-8FD8-FFB7B3F3E032}.Ad-Hoc|iPhoneSimulator.ActiveCfg = Release|x86
		{76FC2486-C721-4A58-8FD8-FFB7B3F3E032}.Ad-Hoc|iPhoneSimulator.Build.0 = Release|x86
		{76FC2486-C721-4A58-8FD8-FFB7B3F3E032}.Ad-Hoc|iPhoneSimulator.Deploy.0 = Release|x86
		{76FC2486-C721-4A58-8FD8-FFB7B3F3E032}.Ad-Hoc|x64.ActiveCfg = Release|x64
		{76FC2486-C721-4A58-8FD8-FFB7B3F3E032}.Ad-Hoc|x64.Build.0 = Release|x64
		{76FC2486-C721-4A58-8FD8-FFB7B3F3E032}.Ad-Hoc|x64.Deploy.0 = Release|x64
		{76FC2486-C721-4A58-8FD8-FFB7B3F3E032}.Ad-Hoc|x86.ActiveCfg = Release|x86
		{76FC2486-C721-4A58-8FD8-FFB7B3F3E032}.Ad-Hoc|x86.Build.0 = Release|x86
		{76FC2486-C721-4A58-8FD8-FFB7B3F3E032}.Ad-Hoc|x86.Deploy.0 = Release|x86
		{76FC2486-C721-4A58-8FD8-FFB7B3F3E032}.AppStore|Any CPU.ActiveCfg = Release|x86
		{76FC2486-C721-4A58-8FD8-FFB7B3F3E032}.AppStore|Any CPU.Build.0 = Release|x86
		{76FC2486-C721-4A58-8FD8-FFB7B3F3E032}.AppStore|Any CPU.Deploy.0 = Release|x86
		{76FC2486-C721-4A58-8FD8-FFB7B3F3E032}.AppStore|ARM.ActiveCfg = Release|ARM
		{76FC2486-C721-4A58-8FD8-FFB7B3F3E032}.AppStore|ARM.Build.0 = Release|ARM
		{76FC2486-C721-4A58-8FD8-FFB7B3F3E032}.AppStore|ARM.Deploy.0 = Release|ARM
		{76FC2486-C721-4A58-8FD8-FFB7B3F3E032}.AppStore|iPhone.ActiveCfg = Release|x86
		{76FC2486-C721-4A58-8FD8-FFB7B3F3E032}.AppStore|iPhone.Build.0 = Release|x86
		{76FC2486-C721-4A58-8FD8-FFB7B3F3E032}.AppStore|iPhone.Deploy.0 = Release|x86
		{76FC2486-C721-4A58-8FD8-FFB7B3F3E032}.AppStore|iPhoneSimulator.ActiveCfg = Release|x86
		{76FC2486-C721-4A58-8FD8-FFB7B3F3E032}.AppStore|iPhoneSimulator.Build.0 = Release|x86
		{76FC2486-C721-4A58-8FD8-FFB7B3F3E032}.AppStore|iPhoneSimulator.Deploy.0 = Release|x86
		{76FC2486-C721-4A58-8FD8-FFB7B3F3E032}.AppStore|x64.ActiveCfg = Release|x64
		{76FC2486-C721-4A58-8FD8-FFB7B3F3E032}.AppStore|x64.Build.0 = Release|x64
		{76FC2486-C721-4A58-8FD8-FFB7B3F3E032}.AppStore|x64.Deploy.0 = Release|x64
		{76FC2486-C721-4A58-8FD8-FFB7B3F3E032}.AppStore|x86.ActiveCfg = Release|x86
		{76FC2486-C721-4A58-8FD8-FFB7B3F3E032}.AppStore|x86.Build.0 = Release|x86
		{76FC2486-C721-4A58-8FD8-FFB7B3F3E032}.AppStore|x86.Deploy.0 = Release|x86
		{76FC2486-C721-4A58-8FD8-FFB7B3F3E032}.Debug|Any CPU.ActiveCfg = Debug|x86
		{76FC2486-C721-4A58-8FD8-FFB7B3F3E032}.Debug|ARM.ActiveCfg = Debug|ARM
		{76FC2486-C721-4A58-8FD8-FFB7B3F3E032}.Debug|ARM.Build.0 = Debug|ARM
		{76FC2486-C721-4A58-8FD8-FFB7B3F3E032}.Debug|ARM.Deploy.0 = Debug|ARM
		{76FC2486-C721-4A58-8FD8-FFB7B3F3E032}.Debug|iPhone.ActiveCfg = Debug|x86
		{76FC2486-C721-4A58-8FD8-FFB7B3F3E032}.Debug|iPhoneSimulator.ActiveCfg = Debug|x86
		{76FC2486-C721-4A58-8FD8-FFB7B3F3E032}.Debug|x64.ActiveCfg = Debug|x64
		{76FC2486-C721-4A58-8FD8-FFB7B3F3E032}.Debug|x64.Build.0 = Debug|x64
		{76FC2486-C721-4A58-8FD8-FFB7B3F3E032}.Debug|x64.Deploy.0 = Debug|x64
		{76FC2486-C721-4A58-8FD8-FFB7B3F3E032}.Debug|x86.ActiveCfg = Debug|x86
		{76FC2486-C721-4A58-8FD8-FFB7B3F3E032}.Debug|x86.Build.0 = Debug|x86
		{76FC2486-C721-4A58-8FD8-FFB7B3F3E032}.Debug|x86.Deploy.0 = Debug|x86
		{76FC2486-C721-4A58-8FD8-FFB7B3F3E032}.Release|Any CPU.ActiveCfg = Release|x86
		{76FC2486-C721-4A58-8FD8-FFB7B3F3E032}.Release|ARM.ActiveCfg = Release|ARM
		{76FC2486-C721-4A58-8FD8-FFB7B3F3E032}.Release|ARM.Build.0 = Release|ARM
		{76FC2486-C721-4A58-8FD8-FFB7B3F3E032}.Release|ARM.Deploy.0 = Release|ARM
		{76FC2486-C721-4A58-8FD8-FFB7B3F3E032}.Release|iPhone.ActiveCfg = Release|x86
		{76FC2486-C721-4A58-8FD8-FFB7B3F3E032}.Release|iPhoneSimulator.ActiveCfg = Release|x86
		{76FC2486-C721-4A58-8FD8-FFB7B3F3E032}.Release|x64.ActiveCfg = Release|x64
		{76FC2486-C721-4A58-8FD8-FFB7B3F3E032}.Release|x64.Build.0 = Release|x64
		{76FC2486-C721-4A58-8FD8-FFB7B3F3E032}.Release|x64.Deploy.0 = Release|x64
		{76FC2486-C721-4A58-8FD8-FFB7B3F3E032}.Release|x86.ActiveCfg = Release|x86
		{76FC2486-C721-4A58-8FD8-FFB7B3F3E032}.Release|x86.Build.0 = Release|x86
		{76FC2486-C721-4A58-8FD8-FFB7B3F3E032}.Release|x86.Deploy.0 = Release|x86
	EndGlobalSection
	GlobalSection(SolutionProperties) = preSolution
		HideSolutionNode = FALSE
	EndGlobalSection
EndGlobal
